
Microsoft Visual Studio Solution File, Format Version 12.00
# Visual Studio Version 17
VisualStudioVersion = 17.7.34031.279
MinimumVisualStudioVersion = 10.0.40219.1
Project("{FAE04EC0-301F-11D3-BF4B-00C04F79EFBC}") = "TextBoxFromNotePad", "TextBoxFromNotePad.csproj", "{E8714378-5E30-4EFA-8898-511529A4BDEF}"
EndProject
Global
	GlobalSection(SolutionConfigurationPlatforms) = preSolution
		Debug|Any CPU = Debug|Any CPU
		Release|Any CPU = Release|Any CPU
	EndGlobalSection
	GlobalSection(ProjectConfigurationPlatforms) = postSolution
		{E8714378-5E30-4EFA-8898-511529A4BDEF}.Debug|Any CPU.ActiveCfg = Debug|Any CPU
		{E8714378-5E30-4EFA-8898-511529A4BDEF}.Debug|Any CPU.Build.0 = Debug|Any CPU
		{E8714378-5E30-4EFA-8898-511529A4BDEF}.Release|Any CPU.ActiveCfg = Release|Any CPU
		{E8714378-5E30-4EFA-8898-511529A4BDEF}.Release|Any CPU.Build.0 = Release|Any CPU
	EndGlobalSection
	GlobalSection(SolutionProperties) = preSolution
		HideSolutionNode = FALSE
	EndGlobalSection
	GlobalSection(ExtensibilityGlobals) = postSolution
		SolutionGuid = {F72327A3-70B7-41B1-8C62-8C6A49D8CA73}
	EndGlobalSection
EndGlobal
